// !$*UTF8*$!
{
	archiveVersion = 1;
	classes = {
	};
	objectVersion = 51;
	objects = {

/* Begin PBXBuildFile section */
		41D0ADD6C368C60E200A9E11 /* Pods_Widget.framework in Frameworks */ = {isa = PBXBuildFile; fileRef = 64742B8F505E8689AB85A1F6 /* Pods_Widget.framework */; };
		5F0275B223F3472300743637 /* kpiRozklad.xcdatamodeld in Sources */ = {isa = PBXBuildFile; fileRef = 5F6A08042370A175000A9C79 /* kpiRozklad.xcdatamodeld */; };
		5F0275B423F3476B00743637 /* CoreDataStack.swift in Sources */ = {isa = PBXBuildFile; fileRef = 5F0275B323F3476B00743637 /* CoreDataStack.swift */; };
		5F0275B823F3493B00743637 /* CoreDataStack.swift in Sources */ = {isa = PBXBuildFile; fileRef = 5F0275B323F3476B00743637 /* CoreDataStack.swift */; };
		5F0275B923F34A0900743637 /* Lesson.swift in Sources */ = {isa = PBXBuildFile; fileRef = D313F4B1233C773B0076CFF8 /* Lesson.swift */; };
		5F0275BA23F34A0C00743637 /* Teacher.swift in Sources */ = {isa = PBXBuildFile; fileRef = D300F1DB2365BC270098CA83 /* Teacher.swift */; };
		5F0275BB23F34A0F00743637 /* Group.swift in Sources */ = {isa = PBXBuildFile; fileRef = 5FA2B79C2379F5A7006C466B /* Group.swift */; };
		5F0275BC23F34BD100743637 /* TimeAndDate.swift in Sources */ = {isa = PBXBuildFile; fileRef = 5FE048682393027900092422 /* TimeAndDate.swift */; };
		5F0275BD23F34D9000743637 /* Extensions.swift in Sources */ = {isa = PBXBuildFile; fileRef = D34BEBC4233CCFC10035F7B4 /* Extensions.swift */; };
		5F0275BE23F34FC800743637 /* ManagingLessons.swift in Sources */ = {isa = PBXBuildFile; fileRef = 5FE048662392D4FA00092422 /* ManagingLessons.swift */; };
		5F034A322389B16D00D90DB7 /* Main.storyboard in Resources */ = {isa = PBXBuildFile; fileRef = 5F034A342389B16D00D90DB7 /* Main.storyboard */; };
		5F2F313D2395972900FC28CB /* Assets.xcassets in Resources */ = {isa = PBXBuildFile; fileRef = 5F2F313C2395972900FC28CB /* Assets.xcassets */; };
		5F2F313F2395C62100FC28CB /* Colours.swift in Sources */ = {isa = PBXBuildFile; fileRef = 5F2F313E2395C62100FC28CB /* Colours.swift */; };
		5F4457E42376FB05008F9E21 /* Settings.swift in Sources */ = {isa = PBXBuildFile; fileRef = 5F4457E32376FB05008F9E21 /* Settings.swift */; };
		5F46AD5E23FEC43500B145D5 /* FavouriteViewController.swift in Sources */ = {isa = PBXBuildFile; fileRef = 5F46AD5D23FEC43500B145D5 /* FavouriteViewController.swift */; };
		5F46AD6323FEC85E00B145D5 /* GroupsOrTeachersChooserViewController.swift in Sources */ = {isa = PBXBuildFile; fileRef = 5F46AD6223FEC85E00B145D5 /* GroupsOrTeachersChooserViewController.swift */; };
		5F46AD6523FFD66E00B145D5 /* GroupsOrTeachersChooserNavigationController.swift in Sources */ = {isa = PBXBuildFile; fileRef = 5F46AD6423FFD66E00B145D5 /* GroupsOrTeachersChooserNavigationController.swift */; };
		5F46AD682401A0F700B145D5 /* Favourites.swift in Sources */ = {isa = PBXBuildFile; fileRef = 5F46AD672401A0F700B145D5 /* Favourites.swift */; };
		5F4E51ED2403D9DD0034D250 /* GreetingViewController.swift in Sources */ = {isa = PBXBuildFile; fileRef = 5F4E51EC2403D9DD0034D250 /* GreetingViewController.swift */; };
		5F5000AF238D704A0003E13B /* UIViewExtension.swift in Sources */ = {isa = PBXBuildFile; fileRef = 5F5000AE238D704A0003E13B /* UIViewExtension.swift */; };
		5F686F3A23800CFB008B0915 /* AddLessonViewController.swift in Sources */ = {isa = PBXBuildFile; fileRef = 5F686F3923800CFB008B0915 /* AddLessonViewController.swift */; };
		5F6A08062370A175000A9C79 /* kpiRozklad.xcdatamodeld in Sources */ = {isa = PBXBuildFile; fileRef = 5F6A08042370A175000A9C79 /* kpiRozklad.xcdatamodeld */; };
		5F7BABBF23A163C8009E3CA6 /* Error.swift in Sources */ = {isa = PBXBuildFile; fileRef = 5F7BABBE23A163C8009E3CA6 /* Error.swift */; };
		5FA2B79D2379F5A7006C466B /* Group.swift in Sources */ = {isa = PBXBuildFile; fileRef = 5FA2B79C2379F5A7006C466B /* Group.swift */; };
		5FA5CE5A2413E32D00D2796A /* SettingsTableViewCell.swift in Sources */ = {isa = PBXBuildFile; fileRef = 5FA5CE582413E32D00D2796A /* SettingsTableViewCell.swift */; };
		5FA5CE5B2413E32D00D2796A /* SettingsTableViewCell.xib in Resources */ = {isa = PBXBuildFile; fileRef = 5FA5CE592413E32D00D2796A /* SettingsTableViewCell.xib */; };
		5FACFF5323EC70A70022DF88 /* ServerGetTableViewCell.swift in Sources */ = {isa = PBXBuildFile; fileRef = 5FACFF5123EC70A70022DF88 /* ServerGetTableViewCell.swift */; };
		5FACFF5423EC70A70022DF88 /* ServerGetTableViewCell.xib in Resources */ = {isa = PBXBuildFile; fileRef = 5FACFF5223EC70A70022DF88 /* ServerGetTableViewCell.xib */; };
		5FACFF7E23ED63D40022DF88 /* NotificationCenter.framework in Frameworks */ = {isa = PBXBuildFile; fileRef = 5FACFF7D23ED63D40022DF88 /* NotificationCenter.framework */; };
		5FACFF8123ED63D40022DF88 /* TodayViewController.swift in Sources */ = {isa = PBXBuildFile; fileRef = 5FACFF8023ED63D40022DF88 /* TodayViewController.swift */; };
		5FACFF8423ED63D40022DF88 /* MainInterface.storyboard in Resources */ = {isa = PBXBuildFile; fileRef = 5FACFF8223ED63D40022DF88 /* MainInterface.storyboard */; };
		5FACFF8823ED63D40022DF88 /* Widget.appex in Embed App Extensions */ = {isa = PBXBuildFile; fileRef = 5FACFF7B23ED63D40022DF88 /* Widget.appex */; settings = {ATTRIBUTES = (RemoveHeadersOnCopy, ); }; };
		5FACFF8F23ED64840022DF88 /* LessonTableViewCell.swift in Sources */ = {isa = PBXBuildFile; fileRef = D313F4B3233D1F090076CFF8 /* LessonTableViewCell.swift */; };
		5FACFF9023ED648D0022DF88 /* LessonTableViewCell.xib in Resources */ = {isa = PBXBuildFile; fileRef = D313F4B4233D1F090076CFF8 /* LessonTableViewCell.xib */; };
		5FACFF9123ED65020022DF88 /* UIViewExtension.swift in Sources */ = {isa = PBXBuildFile; fileRef = 5F5000AE238D704A0003E13B /* UIViewExtension.swift */; };
		5FC991EE23DF10BB00612266 /* ServerUpdateTableViewCell.swift in Sources */ = {isa = PBXBuildFile; fileRef = 5FC991EC23DF10BB00612266 /* ServerUpdateTableViewCell.swift */; };
		5FC991EF23DF10BB00612266 /* ServerUpdateTableViewCell.xib in Resources */ = {isa = PBXBuildFile; fileRef = 5FC991ED23DF10BB00612266 /* ServerUpdateTableViewCell.xib */; };
		5FE048652392D16A00092422 /* EditingLessons.swift in Sources */ = {isa = PBXBuildFile; fileRef = 5FE048642392D16A00092422 /* EditingLessons.swift */; };
		5FE048672392D4FA00092422 /* ManagingLessons.swift in Sources */ = {isa = PBXBuildFile; fileRef = 5FE048662392D4FA00092422 /* ManagingLessons.swift */; };
		5FE048692393027900092422 /* TimeAndDate.swift in Sources */ = {isa = PBXBuildFile; fileRef = 5FE048682393027900092422 /* TimeAndDate.swift */; };
		5FE0486B2393087900092422 /* CoreDataHelpers.swift in Sources */ = {isa = PBXBuildFile; fileRef = 5FE0486A2393087900092422 /* CoreDataHelpers.swift */; };
		5FE0486D23930C3000092422 /* SheduleVC+UIPickerVC.swift in Sources */ = {isa = PBXBuildFile; fileRef = 5FE0486C23930C3000092422 /* SheduleVC+UIPickerVC.swift */; };
		5FE9678324091880000AD157 /* MyNavigationController.swift in Sources */ = {isa = PBXBuildFile; fileRef = 5FE9678224091880000AD157 /* MyNavigationController.swift */; };
		5FE96785240F0C22000AD157 /* SheduleDetailNavigationController.swift in Sources */ = {isa = PBXBuildFile; fileRef = 5FE96784240F0C22000AD157 /* SheduleDetailNavigationController.swift */; };
		90A353C4EB2D15AEC0D9F8D1 /* Pods_kpiRozklad.framework in Frameworks */ = {isa = PBXBuildFile; fileRef = 25B70702B56A794A30F2DB1A /* Pods_kpiRozklad.framework */; };
		D300F1D62364CEA30098CA83 /* TeachersViewController.swift in Sources */ = {isa = PBXBuildFile; fileRef = D300F1D52364CEA30098CA83 /* TeachersViewController.swift */; };
		D300F1DA2364CF490098CA83 /* SettingsTableViewController.swift in Sources */ = {isa = PBXBuildFile; fileRef = D300F1D92364CF490098CA83 /* SettingsTableViewController.swift */; };
		D300F1DC2365BC270098CA83 /* Teacher.swift in Sources */ = {isa = PBXBuildFile; fileRef = D300F1DB2365BC270098CA83 /* Teacher.swift */; };
		D313F496233AAB6C0076CFF8 /* AppDelegate.swift in Sources */ = {isa = PBXBuildFile; fileRef = D313F495233AAB6C0076CFF8 /* AppDelegate.swift */; };
		D313F49F233AAB6D0076CFF8 /* Preview Assets.xcassets in Resources */ = {isa = PBXBuildFile; fileRef = D313F49E233AAB6D0076CFF8 /* Preview Assets.xcassets */; };
		D313F4A2233AAB6D0076CFF8 /* LaunchScreen.storyboard in Resources */ = {isa = PBXBuildFile; fileRef = D313F4A0233AAB6D0076CFF8 /* LaunchScreen.storyboard */; };
		D313F4AE233AAF920076CFF8 /* SheduleViewController.swift in Sources */ = {isa = PBXBuildFile; fileRef = D313F4AD233AAF920076CFF8 /* SheduleViewController.swift */; };
		D313F4B2233C773B0076CFF8 /* Lesson.swift in Sources */ = {isa = PBXBuildFile; fileRef = D313F4B1233C773B0076CFF8 /* Lesson.swift */; };
		D313F4B5233D1F090076CFF8 /* LessonTableViewCell.swift in Sources */ = {isa = PBXBuildFile; fileRef = D313F4B3233D1F090076CFF8 /* LessonTableViewCell.swift */; };
		D313F4B6233D1F090076CFF8 /* LessonTableViewCell.xib in Resources */ = {isa = PBXBuildFile; fileRef = D313F4B4233D1F090076CFF8 /* LessonTableViewCell.xib */; };
		D34BEBC5233CCFC10035F7B4 /* Extensions.swift in Sources */ = {isa = PBXBuildFile; fileRef = D34BEBC4233CCFC10035F7B4 /* Extensions.swift */; };
		D363E7AA233BB74B00573EB2 /* SheduleDetailViewController.swift in Sources */ = {isa = PBXBuildFile; fileRef = D363E7A9233BB74B00573EB2 /* SheduleDetailViewController.swift */; };
		D3FFAAE72352467F0065E9CE /* TeacherSheduleViewController.swift in Sources */ = {isa = PBXBuildFile; fileRef = D3FFAAE62352467F0065E9CE /* TeacherSheduleViewController.swift */; };
/* End PBXBuildFile section */

/* Begin PBXContainerItemProxy section */
		5FACFF8623ED63D40022DF88 /* PBXContainerItemProxy */ = {
			isa = PBXContainerItemProxy;
			containerPortal = D313F48A233AAB6C0076CFF8 /* Project object */;
			proxyType = 1;
			remoteGlobalIDString = 5FACFF7A23ED63D40022DF88;
			remoteInfo = Widget;
		};
/* End PBXContainerItemProxy section */

/* Begin PBXCopyFilesBuildPhase section */
		5FACFF8923ED63D40022DF88 /* Embed App Extensions */ = {
			isa = PBXCopyFilesBuildPhase;
			buildActionMask = 2147483647;
			dstPath = "";
			dstSubfolderSpec = 13;
			files = (
				5FACFF8823ED63D40022DF88 /* Widget.appex in Embed App Extensions */,
			);
			name = "Embed App Extensions";
			runOnlyForDeploymentPostprocessing = 0;
		};
/* End PBXCopyFilesBuildPhase section */

/* Begin PBXFileReference section */
		25B70702B56A794A30F2DB1A /* Pods_kpiRozklad.framework */ = {isa = PBXFileReference; explicitFileType = wrapper.framework; includeInIndex = 0; path = Pods_kpiRozklad.framework; sourceTree = BUILT_PRODUCTS_DIR; };
		2960C0C9F6C4061BFC696188 /* Pods-Widget.release.xcconfig */ = {isa = PBXFileReference; includeInIndex = 1; lastKnownFileType = text.xcconfig; name = "Pods-Widget.release.xcconfig"; path = "Target Support Files/Pods-Widget/Pods-Widget.release.xcconfig"; sourceTree = "<group>"; };
		5F0275B323F3476B00743637 /* CoreDataStack.swift */ = {isa = PBXFileReference; lastKnownFileType = sourcecode.swift; path = CoreDataStack.swift; sourceTree = "<group>"; };
		5F034A352389B1F500D90DB7 /* Base */ = {isa = PBXFileReference; lastKnownFileType = file.storyboard; name = Base; path = Base.lproj/LaunchScreen.storyboard; sourceTree = "<group>"; };
		5F034A3E2389B2E600D90DB7 /* uk */ = {isa = PBXFileReference; lastKnownFileType = file.storyboard; name = uk; path = uk.lproj/Main.storyboard; sourceTree = "<group>"; };
		5F2F313C2395972900FC28CB /* Assets.xcassets */ = {isa = PBXFileReference; lastKnownFileType = folder.assetcatalog; path = Assets.xcassets; sourceTree = "<group>"; };
		5F2F313E2395C62100FC28CB /* Colours.swift */ = {isa = PBXFileReference; lastKnownFileType = sourcecode.swift; path = Colours.swift; sourceTree = "<group>"; };
		5F4457E32376FB05008F9E21 /* Settings.swift */ = {isa = PBXFileReference; lastKnownFileType = sourcecode.swift; path = Settings.swift; sourceTree = "<group>"; };
		5F46AD5D23FEC43500B145D5 /* FavouriteViewController.swift */ = {isa = PBXFileReference; lastKnownFileType = sourcecode.swift; path = FavouriteViewController.swift; sourceTree = "<group>"; };
		5F46AD6223FEC85E00B145D5 /* GroupsOrTeachersChooserViewController.swift */ = {isa = PBXFileReference; lastKnownFileType = sourcecode.swift; path = GroupsOrTeachersChooserViewController.swift; sourceTree = "<group>"; };
		5F46AD6423FFD66E00B145D5 /* GroupsOrTeachersChooserNavigationController.swift */ = {isa = PBXFileReference; lastKnownFileType = sourcecode.swift; path = GroupsOrTeachersChooserNavigationController.swift; sourceTree = "<group>"; };
		5F46AD672401A0F700B145D5 /* Favourites.swift */ = {isa = PBXFileReference; lastKnownFileType = sourcecode.swift; path = Favourites.swift; sourceTree = "<group>"; };
		5F4E51EC2403D9DD0034D250 /* GreetingViewController.swift */ = {isa = PBXFileReference; lastKnownFileType = sourcecode.swift; path = GreetingViewController.swift; sourceTree = "<group>"; };
		5F5000AE238D704A0003E13B /* UIViewExtension.swift */ = {isa = PBXFileReference; lastKnownFileType = sourcecode.swift; path = UIViewExtension.swift; sourceTree = "<group>"; };
		5F686F3923800CFB008B0915 /* AddLessonViewController.swift */ = {isa = PBXFileReference; lastKnownFileType = sourcecode.swift; path = AddLessonViewController.swift; sourceTree = "<group>"; };
		5F6A08052370A175000A9C79 /* Lesson.xcdatamodel */ = {isa = PBXFileReference; lastKnownFileType = wrapper.xcdatamodel; path = Lesson.xcdatamodel; sourceTree = "<group>"; };
		5F7BABBE23A163C8009E3CA6 /* Error.swift */ = {isa = PBXFileReference; lastKnownFileType = sourcecode.swift; path = Error.swift; sourceTree = "<group>"; };
		5FA2B79C2379F5A7006C466B /* Group.swift */ = {isa = PBXFileReference; lastKnownFileType = sourcecode.swift; path = Group.swift; sourceTree = "<group>"; };
		5FA5CE582413E32D00D2796A /* SettingsTableViewCell.swift */ = {isa = PBXFileReference; lastKnownFileType = sourcecode.swift; path = SettingsTableViewCell.swift; sourceTree = "<group>"; };
		5FA5CE592413E32D00D2796A /* SettingsTableViewCell.xib */ = {isa = PBXFileReference; lastKnownFileType = file.xib; path = SettingsTableViewCell.xib; sourceTree = "<group>"; };
		5FACFF5123EC70A70022DF88 /* ServerGetTableViewCell.swift */ = {isa = PBXFileReference; lastKnownFileType = sourcecode.swift; path = ServerGetTableViewCell.swift; sourceTree = "<group>"; };
		5FACFF5223EC70A70022DF88 /* ServerGetTableViewCell.xib */ = {isa = PBXFileReference; lastKnownFileType = file.xib; path = ServerGetTableViewCell.xib; sourceTree = "<group>"; };
		5FACFF7B23ED63D40022DF88 /* Widget.appex */ = {isa = PBXFileReference; explicitFileType = "wrapper.app-extension"; includeInIndex = 0; path = Widget.appex; sourceTree = BUILT_PRODUCTS_DIR; };
		5FACFF7D23ED63D40022DF88 /* NotificationCenter.framework */ = {isa = PBXFileReference; lastKnownFileType = wrapper.framework; name = NotificationCenter.framework; path = System/Library/Frameworks/NotificationCenter.framework; sourceTree = SDKROOT; };
		5FACFF8023ED63D40022DF88 /* TodayViewController.swift */ = {isa = PBXFileReference; lastKnownFileType = sourcecode.swift; path = TodayViewController.swift; sourceTree = "<group>"; };
		5FACFF8323ED63D40022DF88 /* Base */ = {isa = PBXFileReference; lastKnownFileType = file.storyboard; name = Base; path = Base.lproj/MainInterface.storyboard; sourceTree = "<group>"; };
		5FACFF8523ED63D40022DF88 /* Info.plist */ = {isa = PBXFileReference; lastKnownFileType = text.plist.xml; path = Info.plist; sourceTree = "<group>"; };
		5FACFF8D23ED63E20022DF88 /* Widget.entitlements */ = {isa = PBXFileReference; lastKnownFileType = text.plist.entitlements; path = Widget.entitlements; sourceTree = "<group>"; };
		5FACFF8E23ED63E90022DF88 /* KPI Rozklad.entitlements */ = {isa = PBXFileReference; lastKnownFileType = text.plist.entitlements; path = "KPI Rozklad.entitlements"; sourceTree = "<group>"; };
		5FC991EC23DF10BB00612266 /* ServerUpdateTableViewCell.swift */ = {isa = PBXFileReference; lastKnownFileType = sourcecode.swift; path = ServerUpdateTableViewCell.swift; sourceTree = "<group>"; };
		5FC991ED23DF10BB00612266 /* ServerUpdateTableViewCell.xib */ = {isa = PBXFileReference; lastKnownFileType = file.xib; path = ServerUpdateTableViewCell.xib; sourceTree = "<group>"; };
		5FE048642392D16A00092422 /* EditingLessons.swift */ = {isa = PBXFileReference; lastKnownFileType = sourcecode.swift; path = EditingLessons.swift; sourceTree = "<group>"; };
		5FE048662392D4FA00092422 /* ManagingLessons.swift */ = {isa = PBXFileReference; lastKnownFileType = sourcecode.swift; path = ManagingLessons.swift; sourceTree = "<group>"; };
		5FE048682393027900092422 /* TimeAndDate.swift */ = {isa = PBXFileReference; lastKnownFileType = sourcecode.swift; path = TimeAndDate.swift; sourceTree = "<group>"; };
		5FE0486A2393087900092422 /* CoreDataHelpers.swift */ = {isa = PBXFileReference; lastKnownFileType = sourcecode.swift; path = CoreDataHelpers.swift; sourceTree = "<group>"; };
		5FE0486C23930C3000092422 /* SheduleVC+UIPickerVC.swift */ = {isa = PBXFileReference; lastKnownFileType = sourcecode.swift; path = "SheduleVC+UIPickerVC.swift"; sourceTree = "<group>"; };
		5FE9678224091880000AD157 /* MyNavigationController.swift */ = {isa = PBXFileReference; lastKnownFileType = sourcecode.swift; path = MyNavigationController.swift; sourceTree = "<group>"; };
		5FE96784240F0C22000AD157 /* SheduleDetailNavigationController.swift */ = {isa = PBXFileReference; lastKnownFileType = sourcecode.swift; path = SheduleDetailNavigationController.swift; sourceTree = "<group>"; };
		5FE9678C240FAFA6000AD157 /* Lessonv2.xcdatamodel */ = {isa = PBXFileReference; lastKnownFileType = wrapper.xcdatamodel; path = Lessonv2.xcdatamodel; sourceTree = "<group>"; };
		64742B8F505E8689AB85A1F6 /* Pods_Widget.framework */ = {isa = PBXFileReference; explicitFileType = wrapper.framework; includeInIndex = 0; path = Pods_Widget.framework; sourceTree = BUILT_PRODUCTS_DIR; };
		C33203580DD02E686E10BAEC /* Pods-kpiRozklad.release.xcconfig */ = {isa = PBXFileReference; includeInIndex = 1; lastKnownFileType = text.xcconfig; name = "Pods-kpiRozklad.release.xcconfig"; path = "Target Support Files/Pods-kpiRozklad/Pods-kpiRozklad.release.xcconfig"; sourceTree = "<group>"; };
		D300F1D52364CEA30098CA83 /* TeachersViewController.swift */ = {isa = PBXFileReference; lastKnownFileType = sourcecode.swift; path = TeachersViewController.swift; sourceTree = "<group>"; };
		D300F1D92364CF490098CA83 /* SettingsTableViewController.swift */ = {isa = PBXFileReference; lastKnownFileType = sourcecode.swift; path = SettingsTableViewController.swift; sourceTree = "<group>"; };
		D300F1DB2365BC270098CA83 /* Teacher.swift */ = {isa = PBXFileReference; lastKnownFileType = sourcecode.swift; path = Teacher.swift; sourceTree = "<group>"; };
		D313F492233AAB6C0076CFF8 /* KPI Rozklad.app */ = {isa = PBXFileReference; explicitFileType = wrapper.application; includeInIndex = 0; path = "KPI Rozklad.app"; sourceTree = BUILT_PRODUCTS_DIR; };
		D313F495233AAB6C0076CFF8 /* AppDelegate.swift */ = {isa = PBXFileReference; lastKnownFileType = sourcecode.swift; path = AppDelegate.swift; sourceTree = "<group>"; };
		D313F49E233AAB6D0076CFF8 /* Preview Assets.xcassets */ = {isa = PBXFileReference; lastKnownFileType = folder.assetcatalog; path = "Preview Assets.xcassets"; sourceTree = "<group>"; };
		D313F4A3233AAB6D0076CFF8 /* Info.plist */ = {isa = PBXFileReference; lastKnownFileType = text.plist.xml; path = Info.plist; sourceTree = "<group>"; };
		D313F4AD233AAF920076CFF8 /* SheduleViewController.swift */ = {isa = PBXFileReference; lastKnownFileType = sourcecode.swift; path = SheduleViewController.swift; sourceTree = "<group>"; };
		D313F4B1233C773B0076CFF8 /* Lesson.swift */ = {isa = PBXFileReference; lastKnownFileType = sourcecode.swift; path = Lesson.swift; sourceTree = "<group>"; };
		D313F4B3233D1F090076CFF8 /* LessonTableViewCell.swift */ = {isa = PBXFileReference; lastKnownFileType = sourcecode.swift; path = LessonTableViewCell.swift; sourceTree = "<group>"; };
		D313F4B4233D1F090076CFF8 /* LessonTableViewCell.xib */ = {isa = PBXFileReference; lastKnownFileType = file.xib; path = LessonTableViewCell.xib; sourceTree = "<group>"; };
		D34BEBC4233CCFC10035F7B4 /* Extensions.swift */ = {isa = PBXFileReference; lastKnownFileType = sourcecode.swift; path = Extensions.swift; sourceTree = "<group>"; };
		D363E7A9233BB74B00573EB2 /* SheduleDetailViewController.swift */ = {isa = PBXFileReference; lastKnownFileType = sourcecode.swift; path = SheduleDetailViewController.swift; sourceTree = "<group>"; };
		D38DEB43233A250F00BB0075 /* README.md */ = {isa = PBXFileReference; lastKnownFileType = net.daringfireball.markdown; path = README.md; sourceTree = "<group>"; };
		D3FFAAE62352467F0065E9CE /* TeacherSheduleViewController.swift */ = {isa = PBXFileReference; lastKnownFileType = sourcecode.swift; path = TeacherSheduleViewController.swift; sourceTree = "<group>"; };
		EDD61A393E606C9EDEAF6451 /* Pods-Widget.debug.xcconfig */ = {isa = PBXFileReference; includeInIndex = 1; lastKnownFileType = text.xcconfig; name = "Pods-Widget.debug.xcconfig"; path = "Target Support Files/Pods-Widget/Pods-Widget.debug.xcconfig"; sourceTree = "<group>"; };
		FDF92BF3AE056AD077FE3AD8 /* Pods-kpiRozklad.debug.xcconfig */ = {isa = PBXFileReference; includeInIndex = 1; lastKnownFileType = text.xcconfig; name = "Pods-kpiRozklad.debug.xcconfig"; path = "Target Support Files/Pods-kpiRozklad/Pods-kpiRozklad.debug.xcconfig"; sourceTree = "<group>"; };
/* End PBXFileReference section */

/* Begin PBXFrameworksBuildPhase section */
		5FACFF7823ED63D40022DF88 /* Frameworks */ = {
			isa = PBXFrameworksBuildPhase;
			buildActionMask = 2147483647;
			files = (
				5FACFF7E23ED63D40022DF88 /* NotificationCenter.framework in Frameworks */,
				41D0ADD6C368C60E200A9E11 /* Pods_Widget.framework in Frameworks */,
			);
			runOnlyForDeploymentPostprocessing = 0;
		};
		D313F48F233AAB6C0076CFF8 /* Frameworks */ = {
			isa = PBXFrameworksBuildPhase;
			buildActionMask = 2147483647;
			files = (
				90A353C4EB2D15AEC0D9F8D1 /* Pods_kpiRozklad.framework in Frameworks */,
			);
			runOnlyForDeploymentPostprocessing = 0;
		};
/* End PBXFrameworksBuildPhase section */

/* Begin PBXGroup section */
		27FE3C497895B2A14E7B0A78 /* Pods */ = {
			isa = PBXGroup;
			children = (
				EDD61A393E606C9EDEAF6451 /* Pods-Widget.debug.xcconfig */,
				2960C0C9F6C4061BFC696188 /* Pods-Widget.release.xcconfig */,
				FDF92BF3AE056AD077FE3AD8 /* Pods-kpiRozklad.debug.xcconfig */,
				C33203580DD02E686E10BAEC /* Pods-kpiRozklad.release.xcconfig */,
			);
			path = Pods;
			sourceTree = "<group>";
		};
		5F46AD5823FEC35E00B145D5 /* Favourite */ = {
			isa = PBXGroup;
			children = (
				5F46AD5923FEC3D400B145D5 /* ViewControllers */,
				5F46AD5A23FEC3DF00B145D5 /* Views */,
			);
			path = Favourite;
			sourceTree = "<group>";
		};
		5F46AD5923FEC3D400B145D5 /* ViewControllers */ = {
			isa = PBXGroup;
			children = (
				5F46AD5D23FEC43500B145D5 /* FavouriteViewController.swift */,
			);
			path = ViewControllers;
			sourceTree = "<group>";
		};
		5F46AD5A23FEC3DF00B145D5 /* Views */ = {
			isa = PBXGroup;
			children = (
			);
			path = Views;
			sourceTree = "<group>";
		};
		5F46AD5F23FEC7D800B145D5 /* Groups */ = {
			isa = PBXGroup;
			children = (
				5F46AD6023FEC7EA00B145D5 /* ViewControllers */,
				5F46AD6123FEC83100B145D5 /* Views */,
			);
			path = Groups;
			sourceTree = "<group>";
		};
		5F46AD6023FEC7EA00B145D5 /* ViewControllers */ = {
			isa = PBXGroup;
			children = (
				5F46AD6423FFD66E00B145D5 /* GroupsOrTeachersChooserNavigationController.swift */,
				5F46AD6223FEC85E00B145D5 /* GroupsOrTeachersChooserViewController.swift */,
			);
			path = ViewControllers;
			sourceTree = "<group>";
		};
		5F46AD6123FEC83100B145D5 /* Views */ = {
			isa = PBXGroup;
			children = (
			);
			path = Views;
			sourceTree = "<group>";
		};
		5F46AD662401A0D800B145D5 /* Singleton */ = {
			isa = PBXGroup;
			children = (
				5F4457E32376FB05008F9E21 /* Settings.swift */,
				5F46AD672401A0F700B145D5 /* Favourites.swift */,
			);
			path = Singleton;
			sourceTree = "<group>";
		};
		5FA5CE572413E30800D2796A /* SettingsTableViewCell */ = {
			isa = PBXGroup;
			children = (
				5FA5CE582413E32D00D2796A /* SettingsTableViewCell.swift */,
				5FA5CE592413E32D00D2796A /* SettingsTableViewCell.xib */,
			);
			path = SettingsTableViewCell;
			sourceTree = "<group>";
		};
		5FACFF4F23EC70420022DF88 /* ServerUpdateTableViewCell */ = {
			isa = PBXGroup;
			children = (
				5FC991EC23DF10BB00612266 /* ServerUpdateTableViewCell.swift */,
				5FC991ED23DF10BB00612266 /* ServerUpdateTableViewCell.xib */,
			);
			path = ServerUpdateTableViewCell;
			sourceTree = "<group>";
		};
		5FACFF5023EC705C0022DF88 /* ServerGetTableViewCell */ = {
			isa = PBXGroup;
			children = (
				5FACFF5123EC70A70022DF88 /* ServerGetTableViewCell.swift */,
				5FACFF5223EC70A70022DF88 /* ServerGetTableViewCell.xib */,
			);
			path = ServerGetTableViewCell;
			sourceTree = "<group>";
		};
		5FACFF7C23ED63D40022DF88 /* Frameworks */ = {
			isa = PBXGroup;
			children = (
				5FACFF7D23ED63D40022DF88 /* NotificationCenter.framework */,
				64742B8F505E8689AB85A1F6 /* Pods_Widget.framework */,
				25B70702B56A794A30F2DB1A /* Pods_kpiRozklad.framework */,
			);
			name = Frameworks;
			sourceTree = "<group>";
		};
		5FACFF7F23ED63D40022DF88 /* Widget */ = {
			isa = PBXGroup;
			children = (
				5FACFF8D23ED63E20022DF88 /* Widget.entitlements */,
				5FACFF8023ED63D40022DF88 /* TodayViewController.swift */,
				5FACFF8223ED63D40022DF88 /* MainInterface.storyboard */,
				5FACFF8523ED63D40022DF88 /* Info.plist */,
			);
			path = Widget;
			sourceTree = "<group>";
		};
		5FE0486E23930D0700092422 /* Structs */ = {
			isa = PBXGroup;
			children = (
				D313F4B1233C773B0076CFF8 /* Lesson.swift */,
				D300F1DB2365BC270098CA83 /* Teacher.swift */,
				5FA2B79C2379F5A7006C466B /* Group.swift */,
				5F7BABBE23A163C8009E3CA6 /* Error.swift */,
			);
			path = Structs;
			sourceTree = "<group>";
		};
		D313F489233AAB6C0076CFF8 = {
			isa = PBXGroup;
			children = (
				D38DEB43233A250F00BB0075 /* README.md */,
				D313F494233AAB6C0076CFF8 /* kpiRozklad */,
				5FACFF7F23ED63D40022DF88 /* Widget */,
				5FACFF7C23ED63D40022DF88 /* Frameworks */,
				D313F493233AAB6C0076CFF8 /* Products */,
				27FE3C497895B2A14E7B0A78 /* Pods */,
			);
			sourceTree = "<group>";
		};
		D313F493233AAB6C0076CFF8 /* Products */ = {
			isa = PBXGroup;
			children = (
				D313F492233AAB6C0076CFF8 /* KPI Rozklad.app */,
				5FACFF7B23ED63D40022DF88 /* Widget.appex */,
			);
			name = Products;
			sourceTree = "<group>";
		};
		D313F494233AAB6C0076CFF8 /* kpiRozklad */ = {
			isa = PBXGroup;
			children = (
				5FACFF8E23ED63E90022DF88 /* KPI Rozklad.entitlements */,
				D3FFAAD5234F793B0065E9CE /* AppDelegate */,
				D3FFAAD6234F79630065E9CE /* Models */,
				D3FFAAE123521BA40065E9CE /* Common */,
				D3FFAADD23521B310065E9CE /* Resoursces */,
				D313F4A3233AAB6D0076CFF8 /* Info.plist */,
			);
			path = kpiRozklad;
			sourceTree = "<group>";
		};
		D313F49D233AAB6D0076CFF8 /* Preview Content */ = {
			isa = PBXGroup;
			children = (
				D313F49E233AAB6D0076CFF8 /* Preview Assets.xcassets */,
			);
			path = "Preview Content";
			sourceTree = "<group>";
		};
		D313F4B7233D1F120076CFF8 /* LessonTableViewCell */ = {
			isa = PBXGroup;
			children = (
				D313F4B3233D1F090076CFF8 /* LessonTableViewCell.swift */,
				D313F4B4233D1F090076CFF8 /* LessonTableViewCell.xib */,
			);
			path = LessonTableViewCell;
			sourceTree = "<group>";
		};
		D3FFAAD5234F793B0065E9CE /* AppDelegate */ = {
			isa = PBXGroup;
			children = (
				D313F495233AAB6C0076CFF8 /* AppDelegate.swift */,
			);
			path = AppDelegate;
			sourceTree = "<group>";
		};
		D3FFAAD6234F79630065E9CE /* Models */ = {
			isa = PBXGroup;
			children = (
				D3FFAAD7234F79760065E9CE /* Shedule */,
				D3FFAAE32352464D0065E9CE /* Teachers */,
				5F46AD5F23FEC7D800B145D5 /* Groups */,
				5F46AD5823FEC35E00B145D5 /* Favourite */,
				D3FFAADA234F7A2C0065E9CE /* Settings */,
				5F034A342389B16D00D90DB7 /* Main.storyboard */,
			);
			path = Models;
			sourceTree = "<group>";
		};
		D3FFAAD7234F79760065E9CE /* Shedule */ = {
			isa = PBXGroup;
			children = (
				D3FFAAD8234F79AA0065E9CE /* Views */,
				D3FFAAD9234F79CE0065E9CE /* ViewControllers */,
			);
			path = Shedule;
			sourceTree = "<group>";
		};
		D3FFAAD8234F79AA0065E9CE /* Views */ = {
			isa = PBXGroup;
			children = (
				D313F4B7233D1F120076CFF8 /* LessonTableViewCell */,
			);
			path = Views;
			sourceTree = "<group>";
		};
		D3FFAAD9234F79CE0065E9CE /* ViewControllers */ = {
			isa = PBXGroup;
			children = (
				D313F4AD233AAF920076CFF8 /* SheduleViewController.swift */,
				5FE0486C23930C3000092422 /* SheduleVC+UIPickerVC.swift */,
				D363E7A9233BB74B00573EB2 /* SheduleDetailViewController.swift */,
				5FE96784240F0C22000AD157 /* SheduleDetailNavigationController.swift */,
				5F686F3923800CFB008B0915 /* AddLessonViewController.swift */,
				5F4E51EC2403D9DD0034D250 /* GreetingViewController.swift */,
			);
			path = ViewControllers;
			sourceTree = "<group>";
		};
		D3FFAADA234F7A2C0065E9CE /* Settings */ = {
			isa = PBXGroup;
			children = (
				D3FFAADC234F7A410065E9CE /* ViewControllers */,
				D3FFAADB234F7A3D0065E9CE /* Views */,
			);
			path = Settings;
			sourceTree = "<group>";
		};
		D3FFAADB234F7A3D0065E9CE /* Views */ = {
			isa = PBXGroup;
			children = (
				5FA5CE572413E30800D2796A /* SettingsTableViewCell */,
				5FACFF5023EC705C0022DF88 /* ServerGetTableViewCell */,
				5FACFF4F23EC70420022DF88 /* ServerUpdateTableViewCell */,
			);
			path = Views;
			sourceTree = "<group>";
		};
		D3FFAADC234F7A410065E9CE /* ViewControllers */ = {
			isa = PBXGroup;
			children = (
				D300F1D92364CF490098CA83 /* SettingsTableViewController.swift */,
			);
			path = ViewControllers;
			sourceTree = "<group>";
		};
		D3FFAADD23521B310065E9CE /* Resoursces */ = {
			isa = PBXGroup;
			children = (
				5F6A08042370A175000A9C79 /* kpiRozklad.xcdatamodeld */,
				D3FFAADF23521B660065E9CE /* Images */,
				D3FFAADE23521B510065E9CE /* LaunchScreen */,
				D313F49D233AAB6D0076CFF8 /* Preview Content */,
				D3FFAAE023521B870065E9CE /* Localization */,
			);
			path = Resoursces;
			sourceTree = "<group>";
		};
		D3FFAADE23521B510065E9CE /* LaunchScreen */ = {
			isa = PBXGroup;
			children = (
				D313F4A0233AAB6D0076CFF8 /* LaunchScreen.storyboard */,
			);
			path = LaunchScreen;
			sourceTree = "<group>";
		};
		D3FFAADF23521B660065E9CE /* Images */ = {
			isa = PBXGroup;
			children = (
				5F2F313C2395972900FC28CB /* Assets.xcassets */,
			);
			path = Images;
			sourceTree = "<group>";
		};
		D3FFAAE023521B870065E9CE /* Localization */ = {
			isa = PBXGroup;
			children = (
			);
			path = Localization;
			sourceTree = "<group>";
		};
		D3FFAAE123521BA40065E9CE /* Common */ = {
			isa = PBXGroup;
			children = (
				5F46AD662401A0D800B145D5 /* Singleton */,
				5FE048642392D16A00092422 /* EditingLessons.swift */,
				5FE048662392D4FA00092422 /* ManagingLessons.swift */,
				5F0275B323F3476B00743637 /* CoreDataStack.swift */,
				5FE048682393027900092422 /* TimeAndDate.swift */,
				5FE0486A2393087900092422 /* CoreDataHelpers.swift */,
				5F2F313E2395C62100FC28CB /* Colours.swift */,
				5FE0486E23930D0700092422 /* Structs */,
				D3FFAAE223521BAC0065E9CE /* Extensions */,
			);
			path = Common;
			sourceTree = "<group>";
		};
		D3FFAAE223521BAC0065E9CE /* Extensions */ = {
			isa = PBXGroup;
			children = (
				D34BEBC4233CCFC10035F7B4 /* Extensions.swift */,
				5F5000AE238D704A0003E13B /* UIViewExtension.swift */,
			);
			path = Extensions;
			sourceTree = "<group>";
		};
		D3FFAAE32352464D0065E9CE /* Teachers */ = {
			isa = PBXGroup;
			children = (
				D3FFAAE52352466A0065E9CE /* ViewControllers */,
				D3FFAAE4235246570065E9CE /* Views */,
			);
			path = Teachers;
			sourceTree = "<group>";
		};
		D3FFAAE4235246570065E9CE /* Views */ = {
			isa = PBXGroup;
			children = (
			);
			path = Views;
			sourceTree = "<group>";
		};
		D3FFAAE52352466A0065E9CE /* ViewControllers */ = {
			isa = PBXGroup;
			children = (
				D300F1D52364CEA30098CA83 /* TeachersViewController.swift */,
				D3FFAAE62352467F0065E9CE /* TeacherSheduleViewController.swift */,
				5FE9678224091880000AD157 /* MyNavigationController.swift */,
			);
			path = ViewControllers;
			sourceTree = "<group>";
		};
/* End PBXGroup section */

/* Begin PBXNativeTarget section */
		5FACFF7A23ED63D40022DF88 /* Widget */ = {
			isa = PBXNativeTarget;
			buildConfigurationList = 5FACFF8C23ED63D40022DF88 /* Build configuration list for PBXNativeTarget "Widget" */;
			buildPhases = (
				1A25F8C57CDB337E2A8CA8BC /* [CP] Check Pods Manifest.lock */,
				5FACFF7723ED63D40022DF88 /* Sources */,
				5FACFF7823ED63D40022DF88 /* Frameworks */,
				5FACFF7923ED63D40022DF88 /* Resources */,
			);
			buildRules = (
			);
			dependencies = (
			);
			name = Widget;
			productName = Widget;
			productReference = 5FACFF7B23ED63D40022DF88 /* Widget.appex */;
			productType = "com.apple.product-type.app-extension";
		};
		D313F491233AAB6C0076CFF8 /* kpiRozklad */ = {
			isa = PBXNativeTarget;
			buildConfigurationList = D313F4A6233AAB6D0076CFF8 /* Build configuration list for PBXNativeTarget "kpiRozklad" */;
			buildPhases = (
				3F6840CDF772DCC380CFA899 /* [CP] Check Pods Manifest.lock */,
				D313F48E233AAB6C0076CFF8 /* Sources */,
				D313F48F233AAB6C0076CFF8 /* Frameworks */,
				D313F490233AAB6C0076CFF8 /* Resources */,
				5FACFF8923ED63D40022DF88 /* Embed App Extensions */,
				0B387FB7E467EFF61FB57315 /* [CP] Embed Pods Frameworks */,
			);
			buildRules = (
			);
			dependencies = (
				5FACFF8723ED63D40022DF88 /* PBXTargetDependency */,
			);
			name = kpiRozklad;
			productName = kpiRozklad;
			productReference = D313F492233AAB6C0076CFF8 /* KPI Rozklad.app */;
			productType = "com.apple.product-type.application";
		};
/* End PBXNativeTarget section */

/* Begin PBXProject section */
		D313F48A233AAB6C0076CFF8 /* Project object */ = {
			isa = PBXProject;
			attributes = {
				LastSwiftUpdateCheck = 1130;
				LastUpgradeCheck = 1100;
				ORGANIZATIONNAME = "Denis Danilyuk";
				TargetAttributes = {
					5FACFF7A23ED63D40022DF88 = {
						CreatedOnToolsVersion = 11.3.1;
					};
					D313F491233AAB6C0076CFF8 = {
						CreatedOnToolsVersion = 11.0;
					};
				};
			};
			buildConfigurationList = D313F48D233AAB6C0076CFF8 /* Build configuration list for PBXProject "kpiRozklad" */;
			compatibilityVersion = "Xcode 9.3";
			developmentRegion = en;
			hasScannedForEncodings = 0;
			knownRegions = (
				en,
				uk,
				Base,
			);
			mainGroup = D313F489233AAB6C0076CFF8;
			productRefGroup = D313F493233AAB6C0076CFF8 /* Products */;
			projectDirPath = "";
			projectRoot = "";
			targets = (
				D313F491233AAB6C0076CFF8 /* kpiRozklad */,
				5FACFF7A23ED63D40022DF88 /* Widget */,
			);
		};
/* End PBXProject section */

/* Begin PBXResourcesBuildPhase section */
		5FACFF7923ED63D40022DF88 /* Resources */ = {
			isa = PBXResourcesBuildPhase;
			buildActionMask = 2147483647;
			files = (
				5FACFF8423ED63D40022DF88 /* MainInterface.storyboard in Resources */,
				5FACFF9023ED648D0022DF88 /* LessonTableViewCell.xib in Resources */,
			);
			runOnlyForDeploymentPostprocessing = 0;
		};
		D313F490233AAB6C0076CFF8 /* Resources */ = {
			isa = PBXResourcesBuildPhase;
			buildActionMask = 2147483647;
			files = (
				D313F4A2233AAB6D0076CFF8 /* LaunchScreen.storyboard in Resources */,
				D313F49F233AAB6D0076CFF8 /* Preview Assets.xcassets in Resources */,
				5F2F313D2395972900FC28CB /* Assets.xcassets in Resources */,
				5FACFF5423EC70A70022DF88 /* ServerGetTableViewCell.xib in Resources */,
				5F034A322389B16D00D90DB7 /* Main.storyboard in Resources */,
				D313F4B6233D1F090076CFF8 /* LessonTableViewCell.xib in Resources */,
				5FA5CE5B2413E32D00D2796A /* SettingsTableViewCell.xib in Resources */,
				5FC991EF23DF10BB00612266 /* ServerUpdateTableViewCell.xib in Resources */,
			);
			runOnlyForDeploymentPostprocessing = 0;
		};
/* End PBXResourcesBuildPhase section */

/* Begin PBXShellScriptBuildPhase section */
		0B387FB7E467EFF61FB57315 /* [CP] Embed Pods Frameworks */ = {
			isa = PBXShellScriptBuildPhase;
			buildActionMask = 2147483647;
			files = (
			);
			inputFileListPaths = (
				"${PODS_ROOT}/Target Support Files/Pods-kpiRozklad/Pods-kpiRozklad-frameworks-${CONFIGURATION}-input-files.xcfilelist",
			);
			name = "[CP] Embed Pods Frameworks";
			outputFileListPaths = (
				"${PODS_ROOT}/Target Support Files/Pods-kpiRozklad/Pods-kpiRozklad-frameworks-${CONFIGURATION}-output-files.xcfilelist",
			);
			runOnlyForDeploymentPostprocessing = 0;
			shellPath = /bin/sh;
			shellScript = "\"${PODS_ROOT}/Target Support Files/Pods-kpiRozklad/Pods-kpiRozklad-frameworks.sh\"\n";
			showEnvVarsInLog = 0;
		};
		1A25F8C57CDB337E2A8CA8BC /* [CP] Check Pods Manifest.lock */ = {
			isa = PBXShellScriptBuildPhase;
			buildActionMask = 2147483647;
			files = (
			);
			inputFileListPaths = (
			);
			inputPaths = (
				"${PODS_PODFILE_DIR_PATH}/Podfile.lock",
				"${PODS_ROOT}/Manifest.lock",
			);
			name = "[CP] Check Pods Manifest.lock";
			outputFileListPaths = (
			);
			outputPaths = (
				"$(DERIVED_FILE_DIR)/Pods-Widget-checkManifestLockResult.txt",
			);
			runOnlyForDeploymentPostprocessing = 0;
			shellPath = /bin/sh;
			shellScript = "diff \"${PODS_PODFILE_DIR_PATH}/Podfile.lock\" \"${PODS_ROOT}/Manifest.lock\" > /dev/null\nif [ $? != 0 ] ; then\n    # print error to STDERR\n    echo \"error: The sandbox is not in sync with the Podfile.lock. Run 'pod install' or update your CocoaPods installation.\" >&2\n    exit 1\nfi\n# This output is used by Xcode 'outputs' to avoid re-running this script phase.\necho \"SUCCESS\" > \"${SCRIPT_OUTPUT_FILE_0}\"\n";
			showEnvVarsInLog = 0;
		};
		3F6840CDF772DCC380CFA899 /* [CP] Check Pods Manifest.lock */ = {
			isa = PBXShellScriptBuildPhase;
			buildActionMask = 2147483647;
			files = (
			);
			inputFileListPaths = (
			);
			inputPaths = (
				"${PODS_PODFILE_DIR_PATH}/Podfile.lock",
				"${PODS_ROOT}/Manifest.lock",
			);
			name = "[CP] Check Pods Manifest.lock";
			outputFileListPaths = (
			);
			outputPaths = (
				"$(DERIVED_FILE_DIR)/Pods-kpiRozklad-checkManifestLockResult.txt",
			);
			runOnlyForDeploymentPostprocessing = 0;
			shellPath = /bin/sh;
			shellScript = "diff \"${PODS_PODFILE_DIR_PATH}/Podfile.lock\" \"${PODS_ROOT}/Manifest.lock\" > /dev/null\nif [ $? != 0 ] ; then\n    # print error to STDERR\n    echo \"error: The sandbox is not in sync with the Podfile.lock. Run 'pod install' or update your CocoaPods installation.\" >&2\n    exit 1\nfi\n# This output is used by Xcode 'outputs' to avoid re-running this script phase.\necho \"SUCCESS\" > \"${SCRIPT_OUTPUT_FILE_0}\"\n";
			showEnvVarsInLog = 0;
		};
/* End PBXShellScriptBuildPhase section */

/* Begin PBXSourcesBuildPhase section */
		5FACFF7723ED63D40022DF88 /* Sources */ = {
			isa = PBXSourcesBuildPhase;
			buildActionMask = 2147483647;
			files = (
				5F0275BC23F34BD100743637 /* TimeAndDate.swift in Sources */,
				5F0275BE23F34FC800743637 /* ManagingLessons.swift in Sources */,
				5F0275BB23F34A0F00743637 /* Group.swift in Sources */,
				5FACFF9123ED65020022DF88 /* UIViewExtension.swift in Sources */,
				5FACFF8123ED63D40022DF88 /* TodayViewController.swift in Sources */,
				5F0275B823F3493B00743637 /* CoreDataStack.swift in Sources */,
				5F0275BA23F34A0C00743637 /* Teacher.swift in Sources */,
				5F0275B223F3472300743637 /* kpiRozklad.xcdatamodeld in Sources */,
				5F0275B923F34A0900743637 /* Lesson.swift in Sources */,
				5F0275BD23F34D9000743637 /* Extensions.swift in Sources */,
				5FACFF8F23ED64840022DF88 /* LessonTableViewCell.swift in Sources */,
			);
			runOnlyForDeploymentPostprocessing = 0;
		};
		D313F48E233AAB6C0076CFF8 /* Sources */ = {
			isa = PBXSourcesBuildPhase;
			buildActionMask = 2147483647;
			files = (
				5F46AD6323FEC85E00B145D5 /* GroupsOrTeachersChooserViewController.swift in Sources */,
				D313F496233AAB6C0076CFF8 /* AppDelegate.swift in Sources */,
				5F686F3A23800CFB008B0915 /* AddLessonViewController.swift in Sources */,
				5F7BABBF23A163C8009E3CA6 /* Error.swift in Sources */,
				D3FFAAE72352467F0065E9CE /* TeacherSheduleViewController.swift in Sources */,
				5F46AD5E23FEC43500B145D5 /* FavouriteViewController.swift in Sources */,
				D34BEBC5233CCFC10035F7B4 /* Extensions.swift in Sources */,
				5FA2B79D2379F5A7006C466B /* Group.swift in Sources */,
				5FE0486D23930C3000092422 /* SheduleVC+UIPickerVC.swift in Sources */,
				5FE048672392D4FA00092422 /* ManagingLessons.swift in Sources */,
				D300F1DA2364CF490098CA83 /* SettingsTableViewController.swift in Sources */,
				5F4457E42376FB05008F9E21 /* Settings.swift in Sources */,
				5FE048652392D16A00092422 /* EditingLessons.swift in Sources */,
				5F4E51ED2403D9DD0034D250 /* GreetingViewController.swift in Sources */,
				5F5000AF238D704A0003E13B /* UIViewExtension.swift in Sources */,
				5FE0486B2393087900092422 /* CoreDataHelpers.swift in Sources */,
				D313F4B2233C773B0076CFF8 /* Lesson.swift in Sources */,
				5FA5CE5A2413E32D00D2796A /* SettingsTableViewCell.swift in Sources */,
				5F2F313F2395C62100FC28CB /* Colours.swift in Sources */,
				5F46AD682401A0F700B145D5 /* Favourites.swift in Sources */,
				5FE96785240F0C22000AD157 /* SheduleDetailNavigationController.swift in Sources */,
				D300F1D62364CEA30098CA83 /* TeachersViewController.swift in Sources */,
				5FE048692393027900092422 /* TimeAndDate.swift in Sources */,
				D313F4AE233AAF920076CFF8 /* SheduleViewController.swift in Sources */,
				D300F1DC2365BC270098CA83 /* Teacher.swift in Sources */,
				5FE9678324091880000AD157 /* MyNavigationController.swift in Sources */,
				5F0275B423F3476B00743637 /* CoreDataStack.swift in Sources */,
				D313F4B5233D1F090076CFF8 /* LessonTableViewCell.swift in Sources */,
				5F6A08062370A175000A9C79 /* kpiRozklad.xcdatamodeld in Sources */,
				5F46AD6523FFD66E00B145D5 /* GroupsOrTeachersChooserNavigationController.swift in Sources */,
				D363E7AA233BB74B00573EB2 /* SheduleDetailViewController.swift in Sources */,
				5FACFF5323EC70A70022DF88 /* ServerGetTableViewCell.swift in Sources */,
				5FC991EE23DF10BB00612266 /* ServerUpdateTableViewCell.swift in Sources */,
			);
			runOnlyForDeploymentPostprocessing = 0;
		};
/* End PBXSourcesBuildPhase section */

/* Begin PBXTargetDependency section */
		5FACFF8723ED63D40022DF88 /* PBXTargetDependency */ = {
			isa = PBXTargetDependency;
			target = 5FACFF7A23ED63D40022DF88 /* Widget */;
			targetProxy = 5FACFF8623ED63D40022DF88 /* PBXContainerItemProxy */;
		};
/* End PBXTargetDependency section */

/* Begin PBXVariantGroup section */
		5F034A342389B16D00D90DB7 /* Main.storyboard */ = {
			isa = PBXVariantGroup;
			children = (
				5F034A3E2389B2E600D90DB7 /* uk */,
			);
			name = Main.storyboard;
			sourceTree = "<group>";
		};
		5FACFF8223ED63D40022DF88 /* MainInterface.storyboard */ = {
			isa = PBXVariantGroup;
			children = (
				5FACFF8323ED63D40022DF88 /* Base */,
			);
			name = MainInterface.storyboard;
			sourceTree = "<group>";
		};
		D313F4A0233AAB6D0076CFF8 /* LaunchScreen.storyboard */ = {
			isa = PBXVariantGroup;
			children = (
				5F034A352389B1F500D90DB7 /* Base */,
			);
			name = LaunchScreen.storyboard;
			sourceTree = "<group>";
		};
/* End PBXVariantGroup section */

/* Begin XCBuildConfiguration section */
		5FACFF8A23ED63D40022DF88 /* Debug */ = {
			isa = XCBuildConfiguration;
			baseConfigurationReference = EDD61A393E606C9EDEAF6451 /* Pods-Widget.debug.xcconfig */;
			buildSettings = {
				CODE_SIGN_ENTITLEMENTS = Widget/Widget.entitlements;
				CODE_SIGN_STYLE = Automatic;
				DEVELOPMENT_TEAM = M92VXVU7J9;
				INFOPLIST_FILE = Widget/Info.plist;
				IPHONEOS_DEPLOYMENT_TARGET = 12.4;
				LD_RUNPATH_SEARCH_PATHS = (
					"$(inherited)",
					"@executable_path/Frameworks",
					"@executable_path/../../Frameworks",
				);
				MARKETING_VERSION = 1.04;
				PRODUCT_BUNDLE_IDENTIFIER = ddanilyuk.kpiRozklad.Widget;
				PRODUCT_NAME = "$(TARGET_NAME)";
				SKIP_INSTALL = YES;
				SWIFT_VERSION = 5.0;
				TARGETED_DEVICE_FAMILY = 1;
			};
			name = Debug;
		};
		5FACFF8B23ED63D40022DF88 /* Release */ = {
			isa = XCBuildConfiguration;
			baseConfigurationReference = 2960C0C9F6C4061BFC696188 /* Pods-Widget.release.xcconfig */;
			buildSettings = {
				CODE_SIGN_ENTITLEMENTS = Widget/Widget.entitlements;
				CODE_SIGN_STYLE = Automatic;
				DEVELOPMENT_TEAM = M92VXVU7J9;
				INFOPLIST_FILE = Widget/Info.plist;
				IPHONEOS_DEPLOYMENT_TARGET = 12.4;
				LD_RUNPATH_SEARCH_PATHS = (
					"$(inherited)",
					"@executable_path/Frameworks",
					"@executable_path/../../Frameworks",
				);
				MARKETING_VERSION = 1.04;
				PRODUCT_BUNDLE_IDENTIFIER = ddanilyuk.kpiRozklad.Widget;
				PRODUCT_NAME = "$(TARGET_NAME)";
				SKIP_INSTALL = YES;
				SWIFT_VERSION = 5.0;
				TARGETED_DEVICE_FAMILY = 1;
			};
			name = Release;
		};
		D313F4A4233AAB6D0076CFF8 /* Debug */ = {
			isa = XCBuildConfiguration;
			buildSettings = {
				ALWAYS_SEARCH_USER_PATHS = NO;
				CLANG_ANALYZER_LOCALIZABILITY_NONLOCALIZED = YES;
				CLANG_ANALYZER_NONNULL = YES;
				CLANG_ANALYZER_NUMBER_OBJECT_CONVERSION = YES_AGGRESSIVE;
				CLANG_CXX_LANGUAGE_STANDARD = "gnu++14";
				CLANG_CXX_LIBRARY = "libc++";
				CLANG_ENABLE_MODULES = YES;
				CLANG_ENABLE_OBJC_ARC = YES;
				CLANG_ENABLE_OBJC_WEAK = YES;
				CLANG_WARN_BLOCK_CAPTURE_AUTORELEASING = YES;
				CLANG_WARN_BOOL_CONVERSION = YES;
				CLANG_WARN_COMMA = YES;
				CLANG_WARN_CONSTANT_CONVERSION = YES;
				CLANG_WARN_DEPRECATED_OBJC_IMPLEMENTATIONS = YES;
				CLANG_WARN_DIRECT_OBJC_ISA_USAGE = YES_ERROR;
				CLANG_WARN_DOCUMENTATION_COMMENTS = YES;
				CLANG_WARN_EMPTY_BODY = YES;
				CLANG_WARN_ENUM_CONVERSION = YES;
				CLANG_WARN_INFINITE_RECURSION = YES;
				CLANG_WARN_INT_CONVERSION = YES;
				CLANG_WARN_NON_LITERAL_NULL_CONVERSION = YES;
				CLANG_WARN_OBJC_IMPLICIT_RETAIN_SELF = YES;
				CLANG_WARN_OBJC_LITERAL_CONVERSION = YES;
				CLANG_WARN_OBJC_ROOT_CLASS = YES_ERROR;
				CLANG_WARN_RANGE_LOOP_ANALYSIS = YES;
				CLANG_WARN_STRICT_PROTOTYPES = YES;
				CLANG_WARN_SUSPICIOUS_MOVE = YES;
				CLANG_WARN_UNGUARDED_AVAILABILITY = YES_AGGRESSIVE;
				CLANG_WARN_UNREACHABLE_CODE = YES;
				CLANG_WARN__DUPLICATE_METHOD_MATCH = YES;
				COPY_PHASE_STRIP = NO;
				DEBUG_INFORMATION_FORMAT = dwarf;
				ENABLE_STRICT_OBJC_MSGSEND = YES;
				ENABLE_TESTABILITY = YES;
				GCC_C_LANGUAGE_STANDARD = gnu11;
				GCC_DYNAMIC_NO_PIC = NO;
				GCC_NO_COMMON_BLOCKS = YES;
				GCC_OPTIMIZATION_LEVEL = 0;
				GCC_PREPROCESSOR_DEFINITIONS = (
					"DEBUG=1",
					"$(inherited)",
				);
				GCC_WARN_64_TO_32_BIT_CONVERSION = YES;
				GCC_WARN_ABOUT_RETURN_TYPE = YES_ERROR;
				GCC_WARN_UNDECLARED_SELECTOR = YES;
				GCC_WARN_UNINITIALIZED_AUTOS = YES_AGGRESSIVE;
				GCC_WARN_UNUSED_FUNCTION = YES;
				GCC_WARN_UNUSED_VARIABLE = YES;
				IPHONEOS_DEPLOYMENT_TARGET = 13.0;
				MTL_ENABLE_DEBUG_INFO = INCLUDE_SOURCE;
				MTL_FAST_MATH = YES;
				ONLY_ACTIVE_ARCH = YES;
				SDKROOT = iphoneos;
				SWIFT_ACTIVE_COMPILATION_CONDITIONS = DEBUG;
				SWIFT_OPTIMIZATION_LEVEL = "-Onone";
			};
			name = Debug;
		};
		D313F4A5233AAB6D0076CFF8 /* Release */ = {
			isa = XCBuildConfiguration;
			buildSettings = {
				ALWAYS_SEARCH_USER_PATHS = NO;
				CLANG_ANALYZER_LOCALIZABILITY_NONLOCALIZED = YES;
				CLANG_ANALYZER_NONNULL = YES;
				CLANG_ANALYZER_NUMBER_OBJECT_CONVERSION = YES_AGGRESSIVE;
				CLANG_CXX_LANGUAGE_STANDARD = "gnu++14";
				CLANG_CXX_LIBRARY = "libc++";
				CLANG_ENABLE_MODULES = YES;
				CLANG_ENABLE_OBJC_ARC = YES;
				CLANG_ENABLE_OBJC_WEAK = YES;
				CLANG_WARN_BLOCK_CAPTURE_AUTORELEASING = YES;
				CLANG_WARN_BOOL_CONVERSION = YES;
				CLANG_WARN_COMMA = YES;
				CLANG_WARN_CONSTANT_CONVERSION = YES;
				CLANG_WARN_DEPRECATED_OBJC_IMPLEMENTATIONS = YES;
				CLANG_WARN_DIRECT_OBJC_ISA_USAGE = YES_ERROR;
				CLANG_WARN_DOCUMENTATION_COMMENTS = YES;
				CLANG_WARN_EMPTY_BODY = YES;
				CLANG_WARN_ENUM_CONVERSION = YES;
				CLANG_WARN_INFINITE_RECURSION = YES;
				CLANG_WARN_INT_CONVERSION = YES;
				CLANG_WARN_NON_LITERAL_NULL_CONVERSION = YES;
				CLANG_WARN_OBJC_IMPLICIT_RETAIN_SELF = YES;
				CLANG_WARN_OBJC_LITERAL_CONVERSION = YES;
				CLANG_WARN_OBJC_ROOT_CLASS = YES_ERROR;
				CLANG_WARN_RANGE_LOOP_ANALYSIS = YES;
				CLANG_WARN_STRICT_PROTOTYPES = YES;
				CLANG_WARN_SUSPICIOUS_MOVE = YES;
				CLANG_WARN_UNGUARDED_AVAILABILITY = YES_AGGRESSIVE;
				CLANG_WARN_UNREACHABLE_CODE = YES;
				CLANG_WARN__DUPLICATE_METHOD_MATCH = YES;
				COPY_PHASE_STRIP = NO;
				DEBUG_INFORMATION_FORMAT = "dwarf-with-dsym";
				ENABLE_NS_ASSERTIONS = NO;
				ENABLE_STRICT_OBJC_MSGSEND = YES;
				GCC_C_LANGUAGE_STANDARD = gnu11;
				GCC_NO_COMMON_BLOCKS = YES;
				GCC_WARN_64_TO_32_BIT_CONVERSION = YES;
				GCC_WARN_ABOUT_RETURN_TYPE = YES_ERROR;
				GCC_WARN_UNDECLARED_SELECTOR = YES;
				GCC_WARN_UNINITIALIZED_AUTOS = YES_AGGRESSIVE;
				GCC_WARN_UNUSED_FUNCTION = YES;
				GCC_WARN_UNUSED_VARIABLE = YES;
				IPHONEOS_DEPLOYMENT_TARGET = 13.0;
				MTL_ENABLE_DEBUG_INFO = NO;
				MTL_FAST_MATH = YES;
				SDKROOT = iphoneos;
				SWIFT_COMPILATION_MODE = wholemodule;
				SWIFT_OPTIMIZATION_LEVEL = "-O";
				VALIDATE_PRODUCT = YES;
			};
			name = Release;
		};
		D313F4A7233AAB6D0076CFF8 /* Debug */ = {
			isa = XCBuildConfiguration;
			baseConfigurationReference = FDF92BF3AE056AD077FE3AD8 /* Pods-kpiRozklad.debug.xcconfig */;
			buildSettings = {
				ALWAYS_EMBED_SWIFT_STANDARD_LIBRARIES = "$(inherited)";
				ASSETCATALOG_COMPILER_APPICON_NAME = AppIcon;
				CODE_SIGN_ENTITLEMENTS = "kpiRozklad/KPI Rozklad.entitlements";
				CODE_SIGN_STYLE = Automatic;
				CURRENT_PROJECT_VERSION = 1;
				DEVELOPMENT_ASSET_PATHS = "\"kpiRozklad/Resoursces/Preview Content\"";
				DEVELOPMENT_TEAM = M92VXVU7J9;
				ENABLE_PREVIEWS = YES;
				INFOPLIST_FILE = kpiRozklad/Info.plist;
				IPHONEOS_DEPLOYMENT_TARGET = 12.4;
				LD_RUNPATH_SEARCH_PATHS = (
					"$(inherited)",
					"@executable_path/Frameworks",
				);
				MARKETING_VERSION = 1.04;
				PRODUCT_BUNDLE_IDENTIFIER = ddanilyuk.kpiRozklad;
				PRODUCT_NAME = "KPI Rozklad";
				SWIFT_VERSION = 5.0;
				TARGETED_DEVICE_FAMILY = 1;
			};
			name = Debug;
		};
		D313F4A8233AAB6D0076CFF8 /* Release */ = {
			isa = XCBuildConfiguration;
			baseConfigurationReference = C33203580DD02E686E10BAEC /* Pods-kpiRozklad.release.xcconfig */;
			buildSettings = {
				ALWAYS_EMBED_SWIFT_STANDARD_LIBRARIES = "$(inherited)";
				ASSETCATALOG_COMPILER_APPICON_NAME = AppIcon;
				CODE_SIGN_ENTITLEMENTS = "kpiRozklad/KPI Rozklad.entitlements";
				CODE_SIGN_STYLE = Automatic;
				CURRENT_PROJECT_VERSION = 1;
				DEVELOPMENT_ASSET_PATHS = "\"kpiRozklad/Resoursces/Preview Content\"";
				DEVELOPMENT_TEAM = M92VXVU7J9;
				ENABLE_PREVIEWS = YES;
				INFOPLIST_FILE = kpiRozklad/Info.plist;
				IPHONEOS_DEPLOYMENT_TARGET = 12.4;
				LD_RUNPATH_SEARCH_PATHS = (
					"$(inherited)",
					"@executable_path/Frameworks",
				);
				MARKETING_VERSION = 1.04;
				PRODUCT_BUNDLE_IDENTIFIER = ddanilyuk.kpiRozklad;
				PRODUCT_NAME = "KPI Rozklad";
				SWIFT_VERSION = 5.0;
				TARGETED_DEVICE_FAMILY = 1;
			};
			name = Release;
		};
/* End XCBuildConfiguration section */

/* Begin XCConfigurationList section */
		5FACFF8C23ED63D40022DF88 /* Build configuration list for PBXNativeTarget "Widget" */ = {
			isa = XCConfigurationList;
			buildConfigurations = (
				5FACFF8A23ED63D40022DF88 /* Debug */,
				5FACFF8B23ED63D40022DF88 /* Release */,
			);
			defaultConfigurationIsVisible = 0;
			defaultConfigurationName = Release;
		};
		D313F48D233AAB6C0076CFF8 /* Build configuration list for PBXProject "kpiRozklad" */ = {
			isa = XCConfigurationList;
			buildConfigurations = (
				D313F4A4233AAB6D0076CFF8 /* Debug */,
				D313F4A5233AAB6D0076CFF8 /* Release */,
			);
			defaultConfigurationIsVisible = 0;
			defaultConfigurationName = Release;
		};
		D313F4A6233AAB6D0076CFF8 /* Build configuration list for PBXNativeTarget "kpiRozklad" */ = {
			isa = XCConfigurationList;
			buildConfigurations = (
				D313F4A7233AAB6D0076CFF8 /* Debug */,
				D313F4A8233AAB6D0076CFF8 /* Release */,
			);
			defaultConfigurationIsVisible = 0;
			defaultConfigurationName = Release;
		};
/* End XCConfigurationList section */

/* Begin XCVersionGroup section */
		5F6A08042370A175000A9C79 /* kpiRozklad.xcdatamodeld */ = {
			isa = XCVersionGroup;
			children = (
				5FE9678C240FAFA6000AD157 /* Lessonv2.xcdatamodel */,
				5F6A08052370A175000A9C79 /* Lesson.xcdatamodel */,
			);
			currentVersion = 5F6A08052370A175000A9C79 /* Lesson.xcdatamodel */;
			path = kpiRozklad.xcdatamodeld;
			sourceTree = "<group>";
			versionGroupType = wrapper.xcdatamodel;
		};
/* End XCVersionGroup section */
	};
	rootObject = D313F48A233AAB6C0076CFF8 /* Project object */;
}
